Microsoft Visual Studio Solution File, Format Version 12.00
# Visual Studio Version 17
VisualStudioVersion = 17.5.2.0
MinimumVisualStudioVersion = 10.0.40219.1
Project("{2150E333-8FDC-42A3-9474-1A3956D46DE8}") = "03-Design principles & Patterns-Singleton pattern", "03-Design principles & Patterns-Singleton pattern", "{313A1029-7F14-4291-FFBF-3A34CA719AB1}"
EndProject
Project("{2150E333-8FDC-42A3-9474-1A3956D46DE8}") = "04-Design principles & patterns-Factory Method Pattern", "04-Design principles & patterns-Factory Method Pattern", "{35BF2E16-54FF-A69F-82EA-95A2F2A8934B}"
EndProject
Project("{FAE04EC0-301F-11D3-BF4B-00C04F79EFBC}") = "singletonpattern", "03-Design principles & Patterns-Singleton pattern\Code\singletonpattern.csproj", "{54F716E8-A6D7-DFF5-FF1B-83A8A356CDFF}"
EndProject
Project("{2150E333-8FDC-42A3-9474-1A3956D46DE8}") = "Code", "Code", "{788E6655-1A82-E173-A77F-830E3BCB30EB}"
EndProject
Project("{FAE04EC0-301F-11D3-BF4B-00C04F79EFBC}") = "FactoryPatternDemo", "04-Design principles & patterns-Factory Method Pattern\Code\FactoryPatternDemo\FactoryPatternDemo.csproj", "{22A98545-F527-092F-7A65-94CE0D5DAF1D}"
EndProject
Global
	GlobalSection(SolutionConfigurationPlatforms) = preSolution
		Debug|Any CPU = Debug|Any CPU
		Release|Any CPU = Release|Any CPU
	EndGlobalSection
	GlobalSection(ProjectConfigurationPlatforms) = postSolution
		{54F716E8-A6D7-DFF5-FF1B-83A8A356CDFF}.Debug|Any CPU.ActiveCfg = Debug|Any CPU
		{54F716E8-A6D7-DFF5-FF1B-83A8A356CDFF}.Debug|Any CPU.Build.0 = Debug|Any CPU
		{54F716E8-A6D7-DFF5-FF1B-83A8A356CDFF}.Release|Any CPU.ActiveCfg = Release|Any CPU
		{54F716E8-A6D7-DFF5-FF1B-83A8A356CDFF}.Release|Any CPU.Build.0 = Release|Any CPU
		{22A98545-F527-092F-7A65-94CE0D5DAF1D}.Debug|Any CPU.ActiveCfg = Debug|Any CPU
		{22A98545-F527-092F-7A65-94CE0D5DAF1D}.Debug|Any CPU.Build.0 = Debug|Any CPU
		{22A98545-F527-092F-7A65-94CE0D5DAF1D}.Release|Any CPU.ActiveCfg = Release|Any CPU
		{22A98545-F527-092F-7A65-94CE0D5DAF1D}.Release|Any CPU.Build.0 = Release|Any CPU
	EndGlobalSection
	GlobalSection(SolutionProperties) = preSolution
		HideSolutionNode = FALSE
	EndGlobalSection
	GlobalSection(NestedProjects) = preSolution
		{54F716E8-A6D7-DFF5-FF1B-83A8A356CDFF} = {313A1029-7F14-4291-FFBF-3A34CA719AB1}
		{788E6655-1A82-E173-A77F-830E3BCB30EB} = {35BF2E16-54FF-A69F-82EA-95A2F2A8934B}
		{22A98545-F527-092F-7A65-94CE0D5DAF1D} = {788E6655-1A82-E173-A77F-830E3BCB30EB}
	EndGlobalSection
	GlobalSection(ExtensibilityGlobals) = postSolution
		SolutionGuid = {DEDF6B3D-1178-475B-80AB-EDD21DC39398}
	EndGlobalSection
EndGlobal
